
Microsoft Visual Studio Solution File, Format Version 12.00
# Visual Studio 15
VisualStudioVersion = 15.0.28307.757
MinimumVisualStudioVersion = 10.0.40219.1
Project("{FAE04EC0-301F-11D3-BF4B-00C04F79EFBC}") = "InsuranceClient", "InsuranceClient\InsuranceClient.csproj", "{5DEEC0CE-A165-4D36-BC4B-3DDE4F6F80B8}"
EndProject
Global
	GlobalSection(SolutionConfigurationPlatforms) = preSolution
		Debug|Any CPU = Debug|Any CPU
		Release|Any CPU = Release|Any CPU
	EndGlobalSection
	GlobalSection(ProjectConfigurationPlatforms) = postSolution
		{5DEEC0CE-A165-4D36-BC4B-3DDE4F6F80B8}.Debug|Any CPU.ActiveCfg = Debug|Any CPU
		{5DEEC0CE-A165-4D36-BC4B-3DDE4F6F80B8}.Debug|Any CPU.Build.0 = Debug|Any CPU
		{5DEEC0CE-A165-4D36-BC4B-3DDE4F6F80B8}.Release|Any CPU.ActiveCfg = Release|Any CPU
		{5DEEC0CE-A165-4D36-BC4B-3DDE4F6F80B8}.Release|Any CPU.Build.0 = Release|Any CPU
	EndGlobalSection
	GlobalSection(SolutionProperties) = preSolution
		HideSolutionNode = FALSE
	EndGlobalSection
	GlobalSection(ExtensibilityGlobals) = postSolution
		SolutionGuid = {2A2F20FF-2F91-474D-BEA6-B2224CB499B1}
	EndGlobalSection
EndGlobal
